// !$*UTF8*$!
{
	archiveVersion = 1;
	classes = {
	};
	objectVersion = 50;
	objects = {

/* Begin PBXBuildFile section */
		8FA38105241F110C0060353C /* AppDelegate.m in Sources */ = {isa = PBXBuildFile; fileRef = 8FA38104241F110C0060353C /* AppDelegate.m */; };
		8FA38108241F110C0060353C /* SceneDelegate.m in Sources */ = {isa = PBXBuildFile; fileRef = 8FA38107241F110C0060353C /* SceneDelegate.m */; };
		8FA3810B241F110C0060353C /* ViewController.m in Sources */ = {isa = PBXBuildFile; fileRef = 8FA3810A241F110C0060353C /* ViewController.m */; };
		8FA3810E241F110C0060353C /* Main.storyboard in Resources */ = {isa = PBXBuildFile; fileRef = 8FA3810C241F110C0060353C /* Main.storyboard */; };
		8FA38110241F110E0060353C /* Assets.xcassets in Resources */ = {isa = PBXBuildFile; fileRef = 8FA3810F241F110E0060353C /* Assets.xcassets */; };
		8FA38113241F110E0060353C /* LaunchScreen.storyboard in Resources */ = {isa = PBXBuildFile; fileRef = 8FA38111241F110E0060353C /* LaunchScreen.storyboard */; };
		8FA38116241F110E0060353C /* main.m in Sources */ = {isa = PBXBuildFile; fileRef = 8FA38115241F110E0060353C /* main.m */; };
		8FA3811E241F13F30060353C /* SPTableView.m in Sources */ = {isa = PBXBuildFile; fileRef = 8FA3811D241F13F30060353C /* SPTableView.m */; };
		8FA38124241F16940060353C /* SPTableViewController.m in Sources */ = {isa = PBXBuildFile; fileRef = 8FA38123241F16940060353C /* SPTableViewController.m */; };
/* End PBXBuildFile section */

/* Begin PBXFileReference section */
		8FA38100241F110C0060353C /* SPTableView.app */ = {isa = PBXFileReference; explicitFileType = wrapper.application; includeInIndex = 0; path = SPTableView.app; sourceTree = BUILT_PRODUCTS_DIR; };
		8FA38103241F110C0060353C /* AppDelegate.h */ = {isa = PBXFileReference; lastKnownFileType = sourcecode.c.h; path = AppDelegate.h; sourceTree = "<group>"; };
		8FA38104241F110C0060353C /* AppDelegate.m */ = {isa = PBXFileReference; lastKnownFileType = sourcecode.c.objc; path = AppDelegate.m; sourceTree = "<group>"; };
		8FA38106241F110C0060353C /* SceneDelegate.h */ = {isa = PBXFileReference; lastKnownFileType = sourcecode.c.h; path = SceneDelegate.h; sourceTree = "<group>"; };
		8FA38107241F110C0060353C /* SceneDelegate.m */ = {isa = PBXFileReference; lastKnownFileType = sourcecode.c.objc; path = SceneDelegate.m; sourceTree = "<group>"; };
		8FA38109241F110C0060353C /* ViewController.h */ = {isa = PBXFileReference; lastKnownFileType = sourcecode.c.h; path = ViewController.h; sourceTree = "<group>"; };
		8FA3810A241F110C0060353C /* ViewController.m */ = {isa = PBXFileReference; lastKnownFileType = sourcecode.c.objc; path = ViewController.m; sourceTree = "<group>"; };
		8FA3810D241F110C0060353C /* Base */ = {isa = PBXFileReference; lastKnownFileType = file.storyboard; name = Base; path = Base.lproj/Main.storyboard; sourceTree = "<group>"; };
		8FA3810F241F110E0060353C /* Assets.xcassets */ = {isa = PBXFileReference; lastKnownFileType = folder.assetcatalog; path = Assets.xcassets; sourceTree = "<group>"; };
		8FA38112241F110E0060353C /* Base */ = {isa = PBXFileReference; lastKnownFileType = file.storyboard; name = Base; path = Base.lproj/LaunchScreen.storyboard; sourceTree = "<group>"; };
		8FA38114241F110E0060353C /* Info.plist */ = {isa = PBXFileReference; lastKnownFileType = text.plist.xml; path = Info.plist; sourceTree = "<group>"; };
		8FA38115241F110E0060353C /* main.m */ = {isa = PBXFileReference; lastKnownFileType = sourcecode.c.objc; path = main.m; sourceTree = "<group>"; };
		8FA3811C241F13F30060353C /* SPTableView.h */ = {isa = PBXFileReference; lastKnownFileType = sourcecode.c.h; path = SPTableView.h; sourceTree = "<group>"; };
		8FA3811D241F13F30060353C /* SPTableView.m */ = {isa = PBXFileReference; lastKnownFileType = sourcecode.c.objc; path = SPTableView.m; sourceTree = "<group>"; };
		8FA38122241F16940060353C /* SPTableViewController.h */ = {isa = PBXFileReference; fileEncoding = 4; lastKnownFileType = sourcecode.c.h; path = SPTableViewController.h; sourceTree = "<group>"; };
		8FA38123241F16940060353C /* SPTableViewController.m */ = {isa = PBXFileReference; fileEncoding = 4; lastKnownFileType = sourcecode.c.objc; path = SPTableViewController.m; sourceTree = "<group>"; };
/* End PBXFileReference section */

/* Begin PBXFrameworksBuildPhase section */
		8FA380FD241F110C0060353C /* Frameworks */ = {
			isa = PBXFrameworksBuildPhase;
			buildActionMask = 2147483647;
			files = (
			);
			runOnlyForDeploymentPostprocessing = 0;
		};
/* End PBXFrameworksBuildPhase section */

/* Begin PBXGroup section */
		8FA380F7241F110C0060353C = {
			isa = PBXGroup;
			children = (
				8FA38102241F110C0060353C /* SPTableView */,
				8FA38101241F110C0060353C /* Products */,
			);
			sourceTree = "<group>";
		};
		8FA38101241F110C0060353C /* Products */ = {
			isa = PBXGroup;
			children = (
				8FA38100241F110C0060353C /* SPTableView.app */,
			);
			name = Products;
			sourceTree = "<group>";
		};
		8FA38102241F110C0060353C /* SPTableView */ = {
			isa = PBXGroup;
			children = (
				8FA38103241F110C0060353C /* AppDelegate.h */,
				8FA38104241F110C0060353C /* AppDelegate.m */,
				8FA38106241F110C0060353C /* SceneDelegate.h */,
				8FA38107241F110C0060353C /* SceneDelegate.m */,
				8FA38109241F110C0060353C /* ViewController.h */,
				8FA3810A241F110C0060353C /* ViewController.m */,
				8FA38122241F16940060353C /* SPTableViewController.h */,
				8FA38123241F16940060353C /* SPTableViewController.m */,
				8FA3811C241F13F30060353C /* SPTableView.h */,
				8FA3811D241F13F30060353C /* SPTableView.m */,
				8FA3810C241F110C0060353C /* Main.storyboard */,
				8FA3810F241F110E0060353C /* Assets.xcassets */,
				8FA38111241F110E0060353C /* LaunchScreen.storyboard */,
				8FA38114241F110E0060353C /* Info.plist */,
				8FA38115241F110E0060353C /* main.m */,
			);
			path = SPTableView;
			sourceTree = "<group>";
		};
/* End PBXGroup section */

/* Begin PBXNativeTarget section */
		8FA380FF241F110C0060353C /* SPTableView */ = {
			isa = PBXNativeTarget;
			buildConfigurationList = 8FA38119241F110E0060353C /* Build configuration list for PBXNativeTarget "SPTableView" */;
			buildPhases = (
				8FA380FC241F110C0060353C /* Sources */,
				8FA380FD241F110C0060353C /* Frameworks */,
				8FA380FE241F110C0060353C /* Resources */,
			);
			buildRules = (
			);
			dependencies = (
			);
			name = SPTableView;
			productName = SPTableView;
			productReference = 8FA38100241F110C0060353C /* SPTableView.app */;
			productType = "com.apple.product-type.application";
		};
/* End PBXNativeTarget section */

/* Begin PBXProject section */
		8FA380F8241F110C0060353C /* Project object */ = {
			isa = PBXProject;
			attributes = {
				LastUpgradeCheck = 1120;
				ORGANIZATIONNAME = "Super Y";
				TargetAttributes = {
					8FA380FF241F110C0060353C = {
						CreatedOnToolsVersion = 11.2.1;
					};
				};
			};
			buildConfigurationList = 8FA380FB241F110C0060353C /* Build configuration list for PBXProject "SPTableView" */;
			compatibilityVersion = "Xcode 9.3";
			developmentRegion = en;
			hasScannedForEncodings = 0;
			knownRegions = (
				en,
				Base,
			);
			mainGroup = 8FA380F7241F110C0060353C;
			productRefGroup = 8FA38101241F110C0060353C /* Products */;
			projectDirPath = "";
			projectRoot = "";
			targets = (
				8FA380FF241F110C0060353C /* SPTableView */,
			);
		};
/* End PBXProject section */

/* Begin PBXResourcesBuildPhase section */
		8FA380FE241F110C0060353C /* Resources */ = {
			isa = PBXResourcesBuildPhase;
			buildActionMask = 2147483647;
			files = (
				8FA38113241F110E0060353C /* LaunchScreen.storyboard in Resources */,
				8FA38110241F110E0060353C /* Assets.xcassets in Resources */,
				8FA3810E241F110C0060353C /* Main.storyboard in Resources */,
			);
			runOnlyForDeploymentPostprocessing = 0;
		};
/* End PBXResourcesBuildPhase section */

/* Begin PBXSourcesBuildPhase section */
		8FA380FC241F110C0060353C /* Sources */ = {
			isa = PBXSourcesBuildPhase;
			buildActionMask = 2147483647;
			files = (
				8FA3810B241F110C0060353C /* ViewController.m in Sources */,
				8FA38105241F110C0060353C /* AppDelegate.m in Sources */,
				8FA38124241F16940060353C /* SPTableViewController.m in Sources */,
				8FA3811E241F13F30060353C /* SPTableView.m in Sources */,
				8FA38116241F110E0060353C /* main.m in Sources */,
				8FA38108241F110C0060353C /* SceneDelegate.m in Sources */,
			);
			runOnlyForDeploymentPostprocessing = 0;
		};
/* End PBXSourcesBuildPhase section */

/* Begin PBXVariantGroup section */
		8FA3810C241F110C0060353C /* Main.storyboard */ = {
			isa = PBXVariantGroup;
			children = (
				8FA3810D241F110C0060353C /* Base */,
			);
			name = Main.storyboard;
			sourceTree = "<group>";
		};
		8FA38111241F110E0060353C /* LaunchScreen.storyboard */ = {
			isa = PBXVariantGroup;
			children = (
				8FA38112241F110E0060353C /* Base */,
			);
			name = LaunchScreen.storyboard;
			sourceTree = "<group>";
		};
/* End PBXVariantGroup section */

/* Begin XCBuildConfiguration section */
		8FA38117241F110E0060353C /* Debug */ = {
			isa = XCBuildConfiguration;
			buildSettings = {
				ALWAYS_SEARCH_USER_PATHS = NO;
				CLANG_ANALYZER_NONNULL = YES;
				CLANG_ANALYZER_NUMBER_OBJECT_CONVERSION = YES_AGGRESSIVE;
				CLANG_CXX_LANGUAGE_STANDARD = "gnu++14";
				CLANG_CXX_LIBRARY = "libc++";
				CLANG_ENABLE_MODULES = YES;
				CLANG_ENABLE_OBJC_ARC = YES;
				CLANG_ENABLE_OBJC_WEAK = YES;
				CLANG_WARN_BLOCK_CAPTURE_AUTORELEASING = YES;
				CLANG_WARN_BOOL_CONVERSION = YES;
				CLANG_WARN_COMMA = YES;
				CLANG_WARN_CONSTANT_CONVERSION = YES;
				CLANG_WARN_DEPRECATED_OBJC_IMPLEMENTATIONS = YES;
				CLANG_WARN_DIRECT_OBJC_ISA_USAGE = YES_ERROR;
				CLANG_WARN_DOCUMENTATION_COMMENTS = YES;
				CLANG_WARN_EMPTY_BODY = YES;
				CLANG_WARN_ENUM_CONVERSION = YES;
				CLANG_WARN_INFINITE_RECURSION = YES;
				CLANG_WARN_INT_CONVERSION = YES;
				CLANG_WARN_NON_LITERAL_NULL_CONVERSION = YES;
				CLANG_WARN_OBJC_IMPLICIT_RETAIN_SELF = YES;
				CLANG_WARN_OBJC_LITERAL_CONVERSION = YES;
				CLANG_WARN_OBJC_ROOT_CLASS = YES_ERROR;
				CLANG_WARN_RANGE_LOOP_ANALYSIS = YES;
				CLANG_WARN_STRICT_PROTOTYPES = YES;
				CLANG_WARN_SUSPICIOUS_MOVE = YES;
				CLANG_WARN_UNGUARDED_AVAILABILITY = YES_AGGRESSIVE;
				CLANG_WARN_UNREACHABLE_CODE = YES;
				CLANG_WARN__DUPLICATE_METHOD_MATCH = YES;
				COPY_PHASE_STRIP = NO;
				DEBUG_INFORMATION_FORMAT = dwarf;
				ENABLE_STRICT_OBJC_MSGSEND = YES;
				ENABLE_TESTABILITY = YES;
				GCC_C_LANGUAGE_STANDARD = gnu11;
				GCC_DYNAMIC_NO_PIC = NO;
				GCC_NO_COMMON_BLOCKS = YES;
				GCC_OPTIMIZATION_LEVEL = 0;
				GCC_PREPROCESSOR_DEFINITIONS = (
					"DEBUG=1",
					"$(inherited)",
				);
				GCC_WARN_64_TO_32_BIT_CONVERSION = YES;
				GCC_WARN_ABOUT_RETURN_TYPE = YES_ERROR;
				GCC_WARN_UNDECLARED_SELECTOR = YES;
				GCC_WARN_UNINITIALIZED_AUTOS = YES_AGGRESSIVE;
				GCC_WARN_UNUSED_FUNCTION = YES;
				GCC_WARN_UNUSED_VARIABLE = YES;
				IPHONEOS_DEPLOYMENT_TARGET = 13.2;
				MTL_ENABLE_DEBUG_INFO = INCLUDE_SOURCE;
				MTL_FAST_MATH = YES;
				ONLY_ACTIVE_ARCH = YES;
				SDKROOT = iphoneos;
			};
			name = Debug;
		};
		8FA38118241F110E0060353C /* Release */ = {
			isa = XCBuildConfiguration;
			buildSettings = {
				ALWAYS_SEARCH_USER_PATHS = NO;
				CLANG_ANALYZER_NONNULL = YES;
				CLANG_ANALYZER_NUMBER_OBJECT_CONVERSION = YES_AGGRESSIVE;
				CLANG_CXX_LANGUAGE_STANDARD = "gnu++14";
				CLANG_CXX_LIBRARY = "libc++";
				CLANG_ENABLE_MODULES = YES;
				CLANG_ENABLE_OBJC_ARC = YES;
				CLANG_ENABLE_OBJC_WEAK = YES;
				CLANG_WARN_BLOCK_CAPTURE_AUTORELEASING = YES;
				CLANG_WARN_BOOL_CONVERSION = YES;
				CLANG_WARN_COMMA = YES;
				CLANG_WARN_CONSTANT_CONVERSION = YES;
				CLANG_WARN_DEPRECATED_OBJC_IMPLEMENTATIONS = YES;
				CLANG_WARN_DIRECT_OBJC_ISA_USAGE = YES_ERROR;
				CLANG_WARN_DOCUMENTATION_COMMENTS = YES;
				CLANG_WARN_EMPTY_BODY = YES;
				CLANG_WARN_ENUM_CONVERSION = YES;
				CLANG_WARN_INFINITE_RECURSION = YES;
				CLANG_WARN_INT_CONVERSION = YES;
				CLANG_WARN_NON_LITERAL_NULL_CONVERSION = YES;
				CLANG_WARN_OBJC_IMPLICIT_RETAIN_SELF = YES;
				CLANG_WARN_OBJC_LITERAL_CONVERSION = YES;
				CLANG_WARN_OBJC_ROOT_CLASS = YES_ERROR;
				CLANG_WARN_RANGE_LOOP_ANALYSIS = YES;
				CLANG_WARN_STRICT_PROTOTYPES = YES;
				CLANG_WARN_SUSPICIOUS_MOVE = YES;
				CLANG_WARN_UNGUARDED_AVAILABILITY = YES_AGGRESSIVE;
				CLANG_WARN_UNREACHABLE_CODE = YES;
				CLANG_WARN__DUPLICATE_METHOD_MATCH = YES;
				COPY_PHASE_STRIP = NO;
				DEBUG_INFORMATION_FORMAT = "dwarf-with-dsym";
				ENABLE_NS_ASSERTIONS = NO;
				ENABLE_STRICT_OBJC_MSGSEND = YES;
				GCC_C_LANGUAGE_STANDARD = gnu11;
				GCC_NO_COMMON_BLOCKS = YES;
				GCC_WARN_64_TO_32_BIT_CONVERSION = YES;
				GCC_WARN_ABOUT_RETURN_TYPE = YES_ERROR;
				GCC_WARN_UNDECLARED_SELECTOR = YES;
				GCC_WARN_UNINITIALIZED_AUTOS = YES_AGGRESSIVE;
				GCC_WARN_UNUSED_FUNCTION = YES;
				GCC_WARN_UNUSED_VARIABLE = YES;
				IPHONEOS_DEPLOYMENT_TARGET = 13.2;
				MTL_ENABLE_DEBUG_INFO = NO;
				MTL_FAST_MATH = YES;
				SDKROOT = iphoneos;
				VALIDATE_PRODUCT = YES;
			};
			name = Release;
		};
		8FA3811A241F110E0060353C /* Debug */ = {
			isa = XCBuildConfiguration;
			buildSettings = {
				ASSETCATALOG_COMPILER_APPICON_NAME = AppIcon;
				CODE_SIGN_STYLE = Automatic;
				DEVELOPMENT_TEAM = 86WPXA9A4C;
				INFOPLIST_FILE = SPTableView/Info.plist;
				LD_RUNPATH_SEARCH_PATHS = (
					"$(inherited)",
					"@executable_path/Frameworks",
				);
				PRODUCT_BUNDLE_IDENTIFIER = super.test.SPTableView;
				PRODUCT_NAME = "$(TARGET_NAME)";
				TARGETED_DEVICE_FAMILY = "1,2";
			};
			name = Debug;
		};
		8FA3811B241F110E0060353C /* Release */ = {
			isa = XCBuildConfiguration;
			buildSettings = {
				ASSETCATALOG_COMPILER_APPICON_NAME = AppIcon;
				CODE_SIGN_STYLE = Automatic;
				DEVELOPMENT_TEAM = 86WPXA9A4C;
				INFOPLIST_FILE = SPTableView/Info.plist;
				LD_RUNPATH_SEARCH_PATHS = (
					"$(inherited)",
					"@executable_path/Frameworks",
				);
				PRODUCT_BUNDLE_IDENTIFIER = super.test.SPTableView;
				PRODUCT_NAME = "$(TARGET_NAME)";
				TARGETED_DEVICE_FAMILY = "1,2";
			};
			name = Release;
		};
/* End XCBuildConfiguration section */

/* Begin XCConfigurationList section */
		8FA380FB241F110C0060353C /* Build configuration list for PBXProject "SPTableView" */ = {
			isa = XCConfigurationList;
			buildConfigurations = (
				8FA38117241F110E0060353C /* Debug */,
				8FA38118241F110E0060353C /* Release */,
			);
			defaultConfigurationIsVisible = 0;
			defaultConfigurationName = Release;
		};
		8FA38119241F110E0060353C /* Build configuration list for PBXNativeTarget "SPTableView" */ = {
			isa = XCConfigurationList;
			buildConfigurations = (
				8FA3811A241F110E0060353C /* Debug */,
				8FA3811B241F110E0060353C /* Release */,
			);
			defaultConfigurationIsVisible = 0;
			defaultConfigurationName = Release;
		};
/* End XCConfigurationList section */
	};
	rootObject = 8FA380F8241F110C0060353C /* Project object */;
}
